
Microsoft Visual Studio Solution File, Format Version 12.00
# Visual Studio Version 17
VisualStudioVersion = 17.8.34511.84
MinimumVisualStudioVersion = 10.0.40219.1
Project("{FAE04EC0-301F-11D3-BF4B-00C04F79EFBC}") = "Karuna_assignment_quiz", "Karuna_assignment_quiz.csproj", "{C32FE6D3-23CF-4374-8BEB-F9EBBB46805E}"
EndProject
Global
	GlobalSection(SolutionConfigurationPlatforms) = preSolution
		Debug|Any CPU = Debug|Any CPU
		Release|Any CPU = Release|Any CPU
	EndGlobalSection
	GlobalSection(ProjectConfigurationPlatforms) = postSolution
		{C32FE6D3-23CF-4374-8BEB-F9EBBB46805E}.Debug|Any CPU.ActiveCfg = Debug|Any CPU
		{C32FE6D3-23CF-4374-8BEB-F9EBBB46805E}.Debug|Any CPU.Build.0 = Debug|Any CPU
		{C32FE6D3-23CF-4374-8BEB-F9EBBB46805E}.Release|Any CPU.ActiveCfg = Release|Any CPU
		{C32FE6D3-23CF-4374-8BEB-F9EBBB46805E}.Release|Any CPU.Build.0 = Release|Any CPU
	EndGlobalSection
	GlobalSection(SolutionProperties) = preSolution
		HideSolutionNode = FALSE
	EndGlobalSection
	GlobalSection(ExtensibilityGlobals) = postSolution
		SolutionGuid = {FF425798-99D7-40D2-AB53-49F6CE8281A4}
	EndGlobalSection
EndGlobal
